
Microsoft Visual Studio Solution File, Format Version 12.00
# Visual Studio Version 17
VisualStudioVersion = 17.12.35424.110
MinimumVisualStudioVersion = 10.0.40219.1
Project("{FAE04EC0-301F-11D3-BF4B-00C04F79EFBC}") = "AzureB2CWeb", "AzureB2CWeb\AzureB2CWeb.csproj", "{A7D64B3B-806E-415D-B4F8-04F994F8AFD0}"
EndProject
Project("{FAE04EC0-301F-11D3-BF4B-00C04F79EFBC}") = "DemoAPI", "DemoAPI\DemoAPI.csproj", "{D01D8E52-091C-4CD8-8428-792F2B90D428}"
EndProject
Project("{FAE04EC0-301F-11D3-BF4B-00C04F79EFBC}") = "AzureB2CWasm", "AzureB2CWasm\AzureB2CWasm.csproj", "{FFA826B0-AE14-4653-9AEB-7F45E5949FBF}"
EndProject
Global
	GlobalSection(SolutionConfigurationPlatforms) = preSolution
		Debug|Any CPU = Debug|Any CPU
		Release|Any CPU = Release|Any CPU
	EndGlobalSection
	GlobalSection(ProjectConfigurationPlatforms) = postSolution
		{A7D64B3B-806E-415D-B4F8-04F994F8AFD0}.Debug|Any CPU.ActiveCfg = Debug|Any CPU
		{A7D64B3B-806E-415D-B4F8-04F994F8AFD0}.Debug|Any CPU.Build.0 = Debug|Any CPU
		{A7D64B3B-806E-415D-B4F8-04F994F8AFD0}.Release|Any CPU.ActiveCfg = Release|Any CPU
		{A7D64B3B-806E-415D-B4F8-04F994F8AFD0}.Release|Any CPU.Build.0 = Release|Any CPU
		{D01D8E52-091C-4CD8-8428-792F2B90D428}.Debug|Any CPU.ActiveCfg = Debug|Any CPU
		{D01D8E52-091C-4CD8-8428-792F2B90D428}.Debug|Any CPU.Build.0 = Debug|Any CPU
		{D01D8E52-091C-4CD8-8428-792F2B90D428}.Release|Any CPU.ActiveCfg = Release|Any CPU
		{D01D8E52-091C-4CD8-8428-792F2B90D428}.Release|Any CPU.Build.0 = Release|Any CPU
		{FFA826B0-AE14-4653-9AEB-7F45E5949FBF}.Debug|Any CPU.ActiveCfg = Debug|Any CPU
		{FFA826B0-AE14-4653-9AEB-7F45E5949FBF}.Debug|Any CPU.Build.0 = Debug|Any CPU
		{FFA826B0-AE14-4653-9AEB-7F45E5949FBF}.Release|Any CPU.ActiveCfg = Release|Any CPU
		{FFA826B0-AE14-4653-9AEB-7F45E5949FBF}.Release|Any CPU.Build.0 = Release|Any CPU
	EndGlobalSection
	GlobalSection(SolutionProperties) = preSolution
		HideSolutionNode = FALSE
	EndGlobalSection
EndGlobal
